
Microsoft Visual Studio Solution File, Format Version 12.00
# Visual Studio Version 17
VisualStudioVersion = 17.5.002.0
MinimumVisualStudioVersion = 10.0.40219.1
Project("{9A19103F-16F7-4668-BE54-9A1E7A4F7556}") = "QRCodeProject", "QRCodeProject.csproj", "{49AF773D-167D-48D0-9401-926D000E3BAD}"
EndProject
Global
	GlobalSection(SolutionConfigurationPlatforms) = preSolution
		Debug|Any CPU = Debug|Any CPU
		Release|Any CPU = Release|Any CPU
	EndGlobalSection
	GlobalSection(ProjectConfigurationPlatforms) = postSolution
		{49AF773D-167D-48D0-9401-926D000E3BAD}.Debug|Any CPU.ActiveCfg = Debug|Any CPU
		{49AF773D-167D-48D0-9401-926D000E3BAD}.Debug|Any CPU.Build.0 = Debug|Any CPU
		{49AF773D-167D-48D0-9401-926D000E3BAD}.Release|Any CPU.ActiveCfg = Release|Any CPU
		{49AF773D-167D-48D0-9401-926D000E3BAD}.Release|Any CPU.Build.0 = Release|Any CPU
	EndGlobalSection
	GlobalSection(SolutionProperties) = preSolution
		HideSolutionNode = FALSE
	EndGlobalSection
	GlobalSection(ExtensibilityGlobals) = postSolution
		SolutionGuid = {D9C94936-A381-4610-9789-6815A309F0FE}
	EndGlobalSection
EndGlobal
